
Microsoft Visual Studio Solution File, Format Version 12.00
# Visual Studio Version 17
VisualStudioVersion = 17.6.33815.320
MinimumVisualStudioVersion = 10.0.40219.1
Project("{9A19103F-16F7-4668-BE54-9A1E7A4F7556}") = "Rivet_ServerPlugin", "Rivet_ServerPlugin\Rivet_ServerPlugin.csproj", "{A628BBD5-212F-424C-97F7-7990EA733E07}"
EndProject
Project("{9A19103F-16F7-4668-BE54-9A1E7A4F7556}") = "Rivet_ClientPlugin", "Rivet_ClientPlugin\Rivet_ClientPlugin.csproj", "{CBE08DCF-B494-47D8-9DBD-E4E13D5E8318}"
EndProject
Global
	GlobalSection(SolutionConfigurationPlatforms) = preSolution
		Debug|Any CPU = Debug|Any CPU
		Release|Any CPU = Release|Any CPU
	EndGlobalSection
	GlobalSection(ProjectConfigurationPlatforms) = postSolution
		{A628BBD5-212F-424C-97F7-7990EA733E07}.Debug|Any CPU.ActiveCfg = Debug|Any CPU
		{A628BBD5-212F-424C-97F7-7990EA733E07}.Debug|Any CPU.Build.0 = Debug|Any CPU
		{A628BBD5-212F-424C-97F7-7990EA733E07}.Release|Any CPU.ActiveCfg = Release|Any CPU
		{A628BBD5-212F-424C-97F7-7990EA733E07}.Release|Any CPU.Build.0 = Release|Any CPU
		{CBE08DCF-B494-47D8-9DBD-E4E13D5E8318}.Debug|Any CPU.ActiveCfg = Debug|Any CPU
		{CBE08DCF-B494-47D8-9DBD-E4E13D5E8318}.Debug|Any CPU.Build.0 = Debug|Any CPU
		{CBE08DCF-B494-47D8-9DBD-E4E13D5E8318}.Release|Any CPU.ActiveCfg = Release|Any CPU
		{CBE08DCF-B494-47D8-9DBD-E4E13D5E8318}.Release|Any CPU.Build.0 = Release|Any CPU
	EndGlobalSection
	GlobalSection(SolutionProperties) = preSolution
		HideSolutionNode = FALSE
	EndGlobalSection
	GlobalSection(ExtensibilityGlobals) = postSolution
		SolutionGuid = {96C40748-0467-4A13-85B9-D0AD0DEACB0A}
	EndGlobalSection
EndGlobal
